<?xml version="1.0" encoding="utf-8"?>
<Project ToolsVersion="4.0" xmlns="http://schemas.microsoft.com/developer/msbuild/2003">
  <ItemGroup>
    <Filter Include="Tests">
      <UniqueIdentifier>{f98b2fdc-6ac1-4c0a-9792-53992cd8ad7d}</UniqueIdentifier>
    </Filter>
    <Filter Include="Tests\containers">
      <UniqueIdentifier>{fb973f0e-1fae-4412-833b-2c9530022069}</UniqueIdentifier>
    </Filter>
  </ItemGroup>
  <ItemGroup>
    <ClCompile Include="perf\sequence_containers.cpp">
      <Filter>Tests\containers</Filter>
    </ClCompile>
    <ClCompile Include="perf\perf_main.cpp" />
    <ClCompile Include="perf\associative_containers.cpp">
      <Filter>Tests\containers</Filter>
    </ClCompile>
  </ItemGroup>
</Project>